
Microsoft Visual Studio Solution File, Format Version 12.00
# Visual Studio Version 17
VisualStudioVersion = 17.3.32901.215
MinimumVisualStudioVersion = 10.0.40219.1
Project("{FAE04EC0-301F-11D3-BF4B-00C04F79EFBC}") = "Polymorphism", "Polymorphism\Polymorphism.csproj", "{95505403-96BA-4C90-AC15-061C606BDA67}"
EndProject
Global
	GlobalSection(SolutionConfigurationPlatforms) = preSolution
		Debug|Any CPU = Debug|Any CPU
		Release|Any CPU = Release|Any CPU
	EndGlobalSection
	GlobalSection(ProjectConfigurationPlatforms) = postSolution
		{95505403-96BA-4C90-AC15-061C606BDA67}.Debug|Any CPU.ActiveCfg = Debug|Any CPU
		{95505403-96BA-4C90-AC15-061C606BDA67}.Debug|Any CPU.Build.0 = Debug|Any CPU
		{95505403-96BA-4C90-AC15-061C606BDA67}.Release|Any CPU.ActiveCfg = Release|Any CPU
		{95505403-96BA-4C90-AC15-061C606BDA67}.Release|Any CPU.Build.0 = Release|Any CPU
	EndGlobalSection
	GlobalSection(SolutionProperties) = preSolution
		HideSolutionNode = FALSE
	EndGlobalSection
	GlobalSection(ExtensibilityGlobals) = postSolution
		SolutionGuid = {AACE1C6B-A94F-43A7-B778-16F114736A9B}
	EndGlobalSection
EndGlobal
